// !$*UTF8*$!
{
	archiveVersion = 1;
	classes = {
	};
	objectVersion = 46;
	objects = {

/* Begin PBXBuildFile section */
		2C05A19C06CAA52B00D84F6F /* GeneratePreviewForURL.m in Sources */ = {isa = PBXBuildFile; fileRef = 2C05A19B06CAA52B00D84F6F /* GeneratePreviewForURL.m */; };
		61E3BCFB0870B4F2002186A0 /* GenerateThumbnailForURL.m in Sources */ = {isa = PBXBuildFile; fileRef = 61E3BCFA0870B4F2002186A0 /* GenerateThumbnailForURL.m */; };
		621A4917143F35E200194ED5 /* AutoTicks.h in Headers */ = {isa = PBXBuildFile; fileRef = 621A490E143F35E200194ED5 /* AutoTicks.h */; };
		621A4918143F35E200194ED5 /* AutoTicks.c in Sources */ = {isa = PBXBuildFile; fileRef = 621A490F143F35E200194ED5 /* AutoTicks.c */; };
		621A4919143F35E200194ED5 /* SPEData.h in Headers */ = {isa = PBXBuildFile; fileRef = 621A4910143F35E200194ED5 /* SPEData.h */; };
		621A491A143F35E200194ED5 /* SPEData.m in Sources */ = {isa = PBXBuildFile; fileRef = 621A4911143F35E200194ED5 /* SPEData.m */; };
		621A491B143F35E200194ED5 /* SPEHeader.h in Headers */ = {isa = PBXBuildFile; fileRef = 621A4912143F35E200194ED5 /* SPEHeader.h */; };
		621A491C143F35E200194ED5 /* SPEHeader.m in Sources */ = {isa = PBXBuildFile; fileRef = 621A4913143F35E200194ED5 /* SPEHeader.m */; };
		621A491D143F35E200194ED5 /* readspe.h in Headers */ = {isa = PBXBuildFile; fileRef = 621A4914143F35E200194ED5 /* readspe.h */; };
		621A491E143F35E200194ED5 /* readspe.c in Sources */ = {isa = PBXBuildFile; fileRef = 621A4915143F35E200194ED5 /* readspe.c */; };
		621A491F143F35E200194ED5 /* WinSpecHeader25.h in Headers */ = {isa = PBXBuildFile; fileRef = 621A4916143F35E200194ED5 /* WinSpecHeader25.h */; };
		621A4A01143FA60E00194ED5 /* SPEDrawDocument.h in Headers */ = {isa = PBXBuildFile; fileRef = 621A49FF143FA60E00194ED5 /* SPEDrawDocument.h */; };
		621A4A02143FA60E00194ED5 /* SPEDrawDocument.m in Sources */ = {isa = PBXBuildFile; fileRef = 621A4A00143FA60E00194ED5 /* SPEDrawDocument.m */; };
		622DF7161441D832009B9EFF /* AppKit.framework in Frameworks */ = {isa = PBXBuildFile; fileRef = 622DF7151441D832009B9EFF /* AppKit.framework */; };
		629F0073142EE05A00ECF6A8 /* CorePlot.framework in Frameworks */ = {isa = PBXBuildFile; fileRef = 629F0072142EE05A00ECF6A8 /* CorePlot.framework */; };
		8D576312048677EA00EA77CD /* main.c in Sources */ = {isa = PBXBuildFile; fileRef = 08FB77B6FE84183AC02AAC07 /* main.c */; settings = {ATTRIBUTES = (); }; };
		8D576314048677EA00EA77CD /* CoreFoundation.framework in Frameworks */ = {isa = PBXBuildFile; fileRef = 0AA1909FFE8422F4C02AAC07 /* CoreFoundation.framework */; };
		8D5B49A804867FD3000E48DA /* InfoPlist.strings in Resources */ = {isa = PBXBuildFile; fileRef = 8D5B49A704867FD3000E48DA /* InfoPlist.strings */; };
		C86B05270671AA6E00DD9006 /* CoreServices.framework in Frameworks */ = {isa = PBXBuildFile; fileRef = C86B05260671AA6E00DD9006 /* CoreServices.framework */; };
		F28CFBFD0A3EC0AF000ABFF5 /* ApplicationServices.framework in Frameworks */ = {isa = PBXBuildFile; fileRef = F28CFBFC0A3EC0AF000ABFF5 /* ApplicationServices.framework */; };
		F28CFC030A3EC0C6000ABFF5 /* QuickLook.framework in Frameworks */ = {isa = PBXBuildFile; fileRef = F28CFC020A3EC0C6000ABFF5 /* QuickLook.framework */; };
/* End PBXBuildFile section */

/* Begin PBXFileReference section */
		089C167EFE841241C02AAC07 /* English */ = {isa = PBXFileReference; fileEncoding = 10; lastKnownFileType = text.plist.strings; name = English; path = English.lproj/InfoPlist.strings; sourceTree = "<group>"; };
		08FB77B6FE84183AC02AAC07 /* main.c */ = {isa = PBXFileReference; fileEncoding = 4; lastKnownFileType = sourcecode.c.c; path = main.c; sourceTree = "<group>"; };
		0AA1909FFE8422F4C02AAC07 /* CoreFoundation.framework */ = {isa = PBXFileReference; lastKnownFileType = wrapper.framework; name = CoreFoundation.framework; path = /System/Library/Frameworks/CoreFoundation.framework; sourceTree = "<absolute>"; };
		2C05A19B06CAA52B00D84F6F /* GeneratePreviewForURL.m */ = {isa = PBXFileReference; fileEncoding = 4; lastKnownFileType = sourcecode.c.objc; path = GeneratePreviewForURL.m; sourceTree = "<group>"; };
		61E3BCFA0870B4F2002186A0 /* GenerateThumbnailForURL.m */ = {isa = PBXFileReference; fileEncoding = 30; lastKnownFileType = sourcecode.c.objc; path = GenerateThumbnailForURL.m; sourceTree = "<group>"; };
		621A490E143F35E200194ED5 /* AutoTicks.h */ = {isa = PBXFileReference; fileEncoding = 4; lastKnownFileType = sourcecode.c.h; path = AutoTicks.h; sourceTree = "<group>"; };
		621A490F143F35E200194ED5 /* AutoTicks.c */ = {isa = PBXFileReference; fileEncoding = 4; lastKnownFileType = sourcecode.c.c; path = AutoTicks.c; sourceTree = "<group>"; };
		621A4910143F35E200194ED5 /* SPEData.h */ = {isa = PBXFileReference; fileEncoding = 4; lastKnownFileType = sourcecode.c.h; path = SPEData.h; sourceTree = "<group>"; };
		621A4911143F35E200194ED5 /* SPEData.m */ = {isa = PBXFileReference; fileEncoding = 4; lastKnownFileType = sourcecode.c.objc; path = SPEData.m; sourceTree = "<group>"; };
		621A4912143F35E200194ED5 /* SPEHeader.h */ = {isa = PBXFileReference; fileEncoding = 4; lastKnownFileType = sourcecode.c.h; path = SPEHeader.h; sourceTree = "<group>"; };
		621A4913143F35E200194ED5 /* SPEHeader.m */ = {isa = PBXFileReference; fileEncoding = 4; lastKnownFileType = sourcecode.c.objc; path = SPEHeader.m; sourceTree = "<group>"; };
		621A4914143F35E200194ED5 /* readspe.h */ = {isa = PBXFileReference; fileEncoding = 4; lastKnownFileType = sourcecode.c.h; path = readspe.h; sourceTree = "<group>"; };
		621A4915143F35E200194ED5 /* readspe.c */ = {isa = PBXFileReference; fileEncoding = 4; lastKnownFileType = sourcecode.c.c; path = readspe.c; sourceTree = "<group>"; };
		621A4916143F35E200194ED5 /* WinSpecHeader25.h */ = {isa = PBXFileReference; fileEncoding = 4; lastKnownFileType = sourcecode.c.h; path = WinSpecHeader25.h; sourceTree = "<group>"; };
		621A49FF143FA60E00194ED5 /* SPEDrawDocument.h */ = {isa = PBXFileReference; fileEncoding = 4; lastKnownFileType = sourcecode.c.h; path = SPEDrawDocument.h; sourceTree = "<group>"; };
		621A4A00143FA60E00194ED5 /* SPEDrawDocument.m */ = {isa = PBXFileReference; fileEncoding = 4; lastKnownFileType = sourcecode.c.objc; path = SPEDrawDocument.m; sourceTree = "<group>"; };
		622DF7151441D832009B9EFF /* AppKit.framework */ = {isa = PBXFileReference; lastKnownFileType = wrapper.framework; name = AppKit.framework; path = System/Library/Frameworks/AppKit.framework; sourceTree = SDKROOT; };
		629F0072142EE05A00ECF6A8 /* CorePlot.framework */ = {isa = PBXFileReference; lastKnownFileType = wrapper.framework; name = CorePlot.framework; path = ../../../Library/Frameworks/CorePlot.framework; sourceTree = SOURCE_ROOT; };
		8D576316048677EA00EA77CD /* SPEQuickLookLeopard.qlgenerator */ = {isa = PBXFileReference; explicitFileType = wrapper.cfbundle; includeInIndex = 0; path = SPEQuickLookLeopard.qlgenerator; sourceTree = BUILT_PRODUCTS_DIR; };
		8D576317048677EA00EA77CD /* Info.plist */ = {isa = PBXFileReference; fileEncoding = 4; lastKnownFileType = text.plist; path = Info.plist; sourceTree = "<group>"; };
		C86B05260671AA6E00DD9006 /* CoreServices.framework */ = {isa = PBXFileReference; lastKnownFileType = wrapper.framework; name = CoreServices.framework; path = /System/Library/Frameworks/CoreServices.framework; sourceTree = "<absolute>"; };
		F28CFBFC0A3EC0AF000ABFF5 /* ApplicationServices.framework */ = {isa = PBXFileReference; lastKnownFileType = wrapper.framework; name = ApplicationServices.framework; path = /System/Library/Frameworks/ApplicationServices.framework; sourceTree = "<absolute>"; };
		F28CFC020A3EC0C6000ABFF5 /* QuickLook.framework */ = {isa = PBXFileReference; lastKnownFileType = wrapper.framework; name = QuickLook.framework; path = /System/Library/Frameworks/QuickLook.framework; sourceTree = "<absolute>"; };
/* End PBXFileReference section */

/* Begin PBXFrameworksBuildPhase section */
		8D576313048677EA00EA77CD /* Frameworks */ = {
			isa = PBXFrameworksBuildPhase;
			buildActionMask = 2147483647;
			files = (
				8D576314048677EA00EA77CD /* CoreFoundation.framework in Frameworks */,
				C86B05270671AA6E00DD9006 /* CoreServices.framework in Frameworks */,
				F28CFBFD0A3EC0AF000ABFF5 /* ApplicationServices.framework in Frameworks */,
				F28CFC030A3EC0C6000ABFF5 /* QuickLook.framework in Frameworks */,
				629F0073142EE05A00ECF6A8 /* CorePlot.framework in Frameworks */,
				622DF7161441D832009B9EFF /* AppKit.framework in Frameworks */,
			);
			runOnlyForDeploymentPostprocessing = 0;
		};
/* End PBXFrameworksBuildPhase section */

/* Begin PBXGroup section */
		089C166AFE841209C02AAC07 /* SPEQuickLookLeopard */ = {
			isa = PBXGroup;
			children = (
				621A49FE143FA59100194ED5 /* SPESources */,
				08FB77AFFE84173DC02AAC07 /* Source */,
				089C167CFE841241C02AAC07 /* Resources */,
				089C1671FE841209C02AAC07 /* External Frameworks and Libraries */,
				19C28FB6FE9D52B211CA2CBB /* Products */,
			);
			name = SPEQuickLookLeopard;
			sourceTree = "<group>";
		};
		089C1671FE841209C02AAC07 /* External Frameworks and Libraries */ = {
			isa = PBXGroup;
			children = (
				622DF7151441D832009B9EFF /* AppKit.framework */,
				629F0072142EE05A00ECF6A8 /* CorePlot.framework */,
				F28CFC020A3EC0C6000ABFF5 /* QuickLook.framework */,
				F28CFBFC0A3EC0AF000ABFF5 /* ApplicationServices.framework */,
				C86B05260671AA6E00DD9006 /* CoreServices.framework */,
				0AA1909FFE8422F4C02AAC07 /* CoreFoundation.framework */,
			);
			name = "External Frameworks and Libraries";
			sourceTree = "<group>";
		};
		089C167CFE841241C02AAC07 /* Resources */ = {
			isa = PBXGroup;
			children = (
				8D576317048677EA00EA77CD /* Info.plist */,
				8D5B49A704867FD3000E48DA /* InfoPlist.strings */,
			);
			name = Resources;
			sourceTree = "<group>";
		};
		08FB77AFFE84173DC02AAC07 /* Source */ = {
			isa = PBXGroup;
			children = (
				61E3BCFA0870B4F2002186A0 /* GenerateThumbnailForURL.m */,
				2C05A19B06CAA52B00D84F6F /* GeneratePreviewForURL.m */,
				08FB77B6FE84183AC02AAC07 /* main.c */,
			);
			name = Source;
			sourceTree = "<group>";
		};
		19C28FB6FE9D52B211CA2CBB /* Products */ = {
			isa = PBXGroup;
			children = (
				8D576316048677EA00EA77CD /* SPEQuickLookLeopard.qlgenerator */,
			);
			name = Products;
			sourceTree = "<group>";
		};
		621A49FE143FA59100194ED5 /* SPESources */ = {
			isa = PBXGroup;
			children = (
				621A490E143F35E200194ED5 /* AutoTicks.h */,
				621A490F143F35E200194ED5 /* AutoTicks.c */,
				621A4910143F35E200194ED5 /* SPEData.h */,
				621A4911143F35E200194ED5 /* SPEData.m */,
				621A4912143F35E200194ED5 /* SPEHeader.h */,
				621A4913143F35E200194ED5 /* SPEHeader.m */,
				621A4914143F35E200194ED5 /* readspe.h */,
				621A4915143F35E200194ED5 /* readspe.c */,
				621A4916143F35E200194ED5 /* WinSpecHeader25.h */,
				621A49FF143FA60E00194ED5 /* SPEDrawDocument.h */,
				621A4A00143FA60E00194ED5 /* SPEDrawDocument.m */,
			);
			name = SPESources;
			sourceTree = "<group>";
		};
/* End PBXGroup section */

/* Begin PBXHeadersBuildPhase section */
		8D57630E048677EA00EA77CD /* Headers */ = {
			isa = PBXHeadersBuildPhase;
			buildActionMask = 2147483647;
			files = (
				621A4917143F35E200194ED5 /* AutoTicks.h in Headers */,
				621A4919143F35E200194ED5 /* SPEData.h in Headers */,
				621A491B143F35E200194ED5 /* SPEHeader.h in Headers */,
				621A491D143F35E200194ED5 /* readspe.h in Headers */,
				621A491F143F35E200194ED5 /* WinSpecHeader25.h in Headers */,
				621A4A01143FA60E00194ED5 /* SPEDrawDocument.h in Headers */,
			);
			runOnlyForDeploymentPostprocessing = 0;
		};
/* End PBXHeadersBuildPhase section */

/* Begin PBXNativeTarget section */
		8D57630D048677EA00EA77CD /* SPEQuickLookLeopard */ = {
			isa = PBXNativeTarget;
			buildConfigurationList = 2CA3261E0896AD4900168862 /* Build configuration list for PBXNativeTarget "SPEQuickLookLeopard" */;
			buildPhases = (
				8D57630E048677EA00EA77CD /* Headers */,
				8D57630F048677EA00EA77CD /* Resources */,
				8D576311048677EA00EA77CD /* Sources */,
				8D576313048677EA00EA77CD /* Frameworks */,
				8D576315048677EA00EA77CD /* Rez */,
			);
			buildRules = (
			);
			dependencies = (
			);
			name = SPEQuickLookLeopard;
			productInstallPath = /Library/QuickLook;
			productName = SPEQuickLookLeopard;
			productReference = 8D576316048677EA00EA77CD /* SPEQuickLookLeopard.qlgenerator */;
			productType = "com.apple.product-type.bundle";
		};
/* End PBXNativeTarget section */

/* Begin PBXProject section */
		089C1669FE841209C02AAC07 /* Project object */ = {
			isa = PBXProject;
			attributes = {
				LastUpgradeCheck = 0730;
			};
			buildConfigurationList = 2CA326220896AD4900168862 /* Build configuration list for PBXProject "SPEQuickLook" */;
			compatibilityVersion = "Xcode 3.2";
			developmentRegion = English;
			hasScannedForEncodings = 1;
			knownRegions = (
				en,
			);
			mainGroup = 089C166AFE841209C02AAC07 /* SPEQuickLookLeopard */;
			projectDirPath = "";
			projectRoot = "";
			targets = (
				8D57630D048677EA00EA77CD /* SPEQuickLookLeopard */,
			);
		};
/* End PBXProject section */

/* Begin PBXResourcesBuildPhase section */
		8D57630F048677EA00EA77CD /* Resources */ = {
			isa = PBXResourcesBuildPhase;
			buildActionMask = 2147483647;
			files = (
				8D5B49A804867FD3000E48DA /* InfoPlist.strings in Resources */,
			);
			runOnlyForDeploymentPostprocessing = 0;
		};
/* End PBXResourcesBuildPhase section */

/* Begin PBXRezBuildPhase section */
		8D576315048677EA00EA77CD /* Rez */ = {
			isa = PBXRezBuildPhase;
			buildActionMask = 2147483647;
			files = (
			);
			runOnlyForDeploymentPostprocessing = 0;
		};
/* End PBXRezBuildPhase section */

/* Begin PBXSourcesBuildPhase section */
		8D576311048677EA00EA77CD /* Sources */ = {
			isa = PBXSourcesBuildPhase;
			buildActionMask = 2147483647;
			files = (
				8D576312048677EA00EA77CD /* main.c in Sources */,
				2C05A19C06CAA52B00D84F6F /* GeneratePreviewForURL.m in Sources */,
				61E3BCFB0870B4F2002186A0 /* GenerateThumbnailForURL.m in Sources */,
				621A4918143F35E200194ED5 /* AutoTicks.c in Sources */,
				621A491A143F35E200194ED5 /* SPEData.m in Sources */,
				621A491C143F35E200194ED5 /* SPEHeader.m in Sources */,
				621A491E143F35E200194ED5 /* readspe.c in Sources */,
				621A4A02143FA60E00194ED5 /* SPEDrawDocument.m in Sources */,
			);
			runOnlyForDeploymentPostprocessing = 0;
		};
/* End PBXSourcesBuildPhase section */

/* Begin PBXVariantGroup section */
		8D5B49A704867FD3000E48DA /* InfoPlist.strings */ = {
			isa = PBXVariantGroup;
			children = (
				089C167EFE841241C02AAC07 /* English */,
			);
			name = InfoPlist.strings;
			sourceTree = "<group>";
		};
/* End PBXVariantGroup section */

/* Begin XCBuildConfiguration section */
		2CA3261F0896AD4900168862 /* Debug */ = {
			isa = XCBuildConfiguration;
			buildSettings = {
				COMBINE_HIDPI_IMAGES = YES;
				COPY_PHASE_STRIP = NO;
				DEPLOYMENT_LOCATION = YES;
				FRAMEWORK_SEARCH_PATHS = (
					"$(inherited)",
					"\"$(SRCROOT)/../../../Library/Frameworks\"",
				);
				GCC_DYNAMIC_NO_PIC = NO;
				GCC_ENABLE_FIX_AND_CONTINUE = YES;
				GCC_MODEL_TUNING = G5;
				GCC_OPTIMIZATION_LEVEL = 0;
				GCC_PRECOMPILE_PREFIX_HEADER = NO;
				INFOPLIST_FILE = Info.plist;
				INSTALL_PATH = /Library/QuickLook;
				PRODUCT_BUNDLE_IDENTIFIER = com.jmotohisa.spe.qlgenerator;
				PRODUCT_NAME = SPEQuickLookLeopard;
				STRIP_INSTALLED_PRODUCT = YES;
				WRAPPER_EXTENSION = qlgenerator;
			};
			name = Debug;
		};
		2CA326200896AD4900168862 /* Release */ = {
			isa = XCBuildConfiguration;
			buildSettings = {
				COMBINE_HIDPI_IMAGES = YES;
				DEBUG_INFORMATION_FORMAT = "dwarf-with-dsym";
				DEPLOYMENT_LOCATION = YES;
				FRAMEWORK_SEARCH_PATHS = (
					"$(inherited)",
					"\"$(SRCROOT)/../../../Library/Frameworks\"",
				);
				GCC_MODEL_TUNING = G5;
				GCC_PRECOMPILE_PREFIX_HEADER = NO;
				INFOPLIST_FILE = Info.plist;
				INSTALL_PATH = /Library/QuickLook;
				PRODUCT_BUNDLE_IDENTIFIER = com.jmotohisa.spe.qlgenerator;
				PRODUCT_NAME = SPEQuickLookLeopard;
				STRIP_INSTALLED_PRODUCT = YES;
				WRAPPER_EXTENSION = qlgenerator;
			};
			name = Release;
		};
		2CA326230896AD4900168862 /* Debug */ = {
			isa = XCBuildConfiguration;
			buildSettings = {
				DSTROOT = /Users/motohisa/;
				ENABLE_TESTABILITY = YES;
				GCC_C_LANGUAGE_STANDARD = c99;
				GCC_WARN_ABOUT_RETURN_TYPE = YES;
				GCC_WARN_UNUSED_VARIABLE = YES;
				INSTALL_PATH = "~/Library/QuickLook";
				MACOSX_DEPLOYMENT_TARGET = 10.11;
				ONLY_ACTIVE_ARCH = YES;
				PREBINDING = NO;
				SDKROOT = macosx;
			};
			name = Debug;
		};
		2CA326240896AD4900168862 /* Release */ = {
			isa = XCBuildConfiguration;
			buildSettings = {
				DSTROOT = /Users/motohisa/;
				GCC_C_LANGUAGE_STANDARD = c99;
				GCC_WARN_ABOUT_RETURN_TYPE = YES;
				GCC_WARN_UNUSED_VARIABLE = YES;
				INSTALL_PATH = "~/Library/QuickLook";
				MACOSX_DEPLOYMENT_TARGET = 10.11;
				PREBINDING = NO;
				SDKROOT = macosx;
			};
			name = Release;
		};
/* End XCBuildConfiguration section */

/* Begin XCConfigurationList section */
		2CA3261E0896AD4900168862 /* Build configuration list for PBXNativeTarget "SPEQuickLookLeopard" */ = {
			isa = XCConfigurationList;
			buildConfigurations = (
				2CA3261F0896AD4900168862 /* Debug */,
				2CA326200896AD4900168862 /* Release */,
			);
			defaultConfigurationIsVisible = 0;
			defaultConfigurationName = Release;
		};
		2CA326220896AD4900168862 /* Build configuration list for PBXProject "SPEQuickLook" */ = {
			isa = XCConfigurationList;
			buildConfigurations = (
				2CA326230896AD4900168862 /* Debug */,
				2CA326240896AD4900168862 /* Release */,
			);
			defaultConfigurationIsVisible = 0;
			defaultConfigurationName = Release;
		};
/* End XCConfigurationList section */
	};
	rootObject = 089C1669FE841209C02AAC07 /* Project object */;
}
